<?xml version="1.0" encoding="utf-8"?>
<Project ToolsVersion="4.0" xmlns="http://schemas.microsoft.com/developer/msbuild/2003">
  <ItemGroup>
    <Filter Include="Source Files">
      <UniqueIdentifier>{E9C7FDCE-D52A-8D73-7EB0-C5296AF258F6}</UniqueIdentifier>
    </Filter>
    <Filter Include="Source Files\Core">
      <UniqueIdentifier>{E145AD0A-4D5C-ABA0-96D3-36C202297C28}</UniqueIdentifier>
    </Filter>
    <Filter Include="Source Files\Events System">
      <UniqueIdentifier>{D2326C6B-BE42-183C-27FC-7C5A132B07D5}</UniqueIdentifier>
    </Filter>
    <Filter Include="Source Files\Platform">
      <UniqueIdentifier>{fae78078-e8a0-4f0e-ae27-cc43bcef33f4}</UniqueIdentifier>
    </Filter>
  </ItemGroup>
  <ItemGroup>
    <ClInclude Include="Source Files\Core\Application.hpp">
      <Filter>Source Files\Core</Filter>
    </ClInclude>
    <ClInclude Include="Source Files\Core\EngineCore.hpp">
      <Filter>Source Files\Core</Filter>
    </ClInclude>
    <ClInclude Include="Source Files\Core\EntryPoint.hpp">
      <Filter>Source Files\Core</Filter>
    </ClInclude>
    <ClInclude Include="Source Files\Events System\ApplicationEvent.hpp">
      <Filter>Source Files\Events System</Filter>
    </ClInclude>
    <ClInclude Include="Source Files\Events System\Event.hpp">
      <Filter>Source Files\Events System</Filter>
    </ClInclude>
    <ClInclude Include="Source Files\Events System\KeyEvent.hpp">
      <Filter>Source Files\Events System</Filter>
    </ClInclude>
    <ClInclude Include="Source Files\Events System\MouseEvent.h">
      <Filter>Source Files\Events System</Filter>
    </ClInclude>
    <ClInclude Include="Source Files\Krakoa.hpp">
      <Filter>Source Files</Filter>
    </ClInclude>
    <ClInclude Include="Source Files\Precompile.hpp">
      <Filter>Source Files</Filter>
    </ClInclude>
    <ClInclude Include="Source Files\Window.hpp">
      <Filter>Source Files</Filter>
    </ClInclude>
    <ClInclude Include="Source Files\Platform\WindowsWindow.hpp">
      <Filter>Source Files\Platform</Filter>
    </ClInclude>
  </ItemGroup>
  <ItemGroup>
    <ClCompile Include="Source Files\Core\Application.cpp">
      <Filter>Source Files\Core</Filter>
    </ClCompile>
    <ClCompile Include="Source Files\Precompile.cpp">
      <Filter>Source Files</Filter>
    </ClCompile>
    <ClCompile Include="Source Files\Platform\WindowsWindow.cpp">
      <Filter>Source Files\Platform</Filter>
    </ClCompile>
  </ItemGroup>
  <ItemGroup>
    <None Include="cpp.hint" />
  </ItemGroup>
</Project>