<?xml version="1.0" encoding="utf-8"?>
<Project ToolsVersion="4.0" xmlns="http://schemas.microsoft.com/developer/msbuild/2003">
  <ItemGroup>
    <Filter Include="Source Files">
      <UniqueIdentifier>{4FC737F1-C7A5-4376-A066-2A32D752A2FF}</UniqueIdentifier>
      <Extensions>cpp;c;cc;cxx;def;odl;idl;hpj;bat;asm;asmx</Extensions>
    </Filter>
    <Filter Include="Header Files">
      <UniqueIdentifier>{93995380-89BD-4b04-88EB-625FBE52EBFB}</UniqueIdentifier>
      <Extensions>h;hh;hpp;hxx;hm;inl;inc;ipp;xsd</Extensions>
    </Filter>
    <Filter Include="Resource Files">
      <UniqueIdentifier>{67DA6AB6-F800-4c08-8B7A-83BB121AAD01}</UniqueIdentifier>
      <Extensions>rc;ico;cur;bmp;dlg;rc2;rct;bin;rgs;gif;jpg;jpeg;jpe;resx;tiff;tif;png;wav;mfcribbon-ms</Extensions>
    </Filter>
  </ItemGroup>
  <ItemGroup>
    <ClCompile Include="Source Files\Beta Test\Tester.cpp">
      <Filter>Source Files</Filter>
    </ClCompile>
    <ClCompile Include="Source Files\Utility\Debug Helper\kDebugger.cpp">
      <Filter>Source Files</Filter>
    </ClCompile>
    <ClCompile Include="Source Files\Utility\Calendar\kCalendar.cpp">
      <Filter>Source Files</Filter>
    </ClCompile>
    <ClCompile Include="Source Files\Utility\Debug Helper\kAssert.cpp">
      <Filter>Source Files</Filter>
    </ClCompile>
    <ClCompile Include="Source Files\Precompile.cpp">
      <Filter>Source Files</Filter>
    </ClCompile>
    <ClCompile Include="Source Files\Utility\Format To String\kUTFStringConverter.cpp">
      <Filter>Source Files</Filter>
    </ClCompile>
    <ClCompile Include="Source Files\Utility\Logging\kLogging_Class.cpp">
      <Filter>Source Files</Filter>
    </ClCompile>
    <ClCompile Include="Source Files\Core\Application.cpp">
      <Filter>Source Files</Filter>
    </ClCompile>
    <ClCompile Include="Source Files\Beta Test\Utility Tests\Calendar_Test.cpp">
      <Filter>Source Files</Filter>
    </ClCompile>
    <ClCompile Include="Source Files\Beta Test\Utility Tests\Logging_Test.cpp">
      <Filter>Source Files</Filter>
    </ClCompile>
    <ClCompile Include="Source Files\Beta Test\Utility Tests\StringView_Test.cpp">
      <Filter>Source Files</Filter>
    </ClCompile>
    <ClCompile Include="Source Files\Beta Test\Maths Tests\Vectors_Test.cpp">
      <Filter>Source Files</Filter>
    </ClCompile>
    <ClCompile Include="Source Files\Beta Test\Utility Tests\DebugHelp_Test.cpp">
      <Filter>Source Files</Filter>
    </ClCompile>
    <ClCompile Include="Source Files\Beta Test\Utility Tests\FileSystem_Test.cpp">
      <Filter>Source Files</Filter>
    </ClCompile>
    <ClCompile Include="Source Files\Beta Test\Utility Tests\Clock_Test.cpp">
      <Filter>Source Files</Filter>
    </ClCompile>
    <ClCompile Include="Source Files\Beta Test\TesterManager.cpp">
      <Filter>Source Files</Filter>
    </ClCompile>
  </ItemGroup>
  <ItemGroup>
    <ClInclude Include="Source Files\Krakoa.h">
      <Filter>Header Files</Filter>
    </ClInclude>
    <ClInclude Include="Source Files\Beta Test\Tester.h">
      <Filter>Header Files</Filter>
    </ClInclude>
    <ClInclude Include="Source Files\Utility\File System\kFileSystem.h">
      <Filter>Header Files</Filter>
    </ClInclude>
    <ClInclude Include="Source Files\Utility\Format To String\kFormatToString.h">
      <Filter>Header Files</Filter>
    </ClInclude>
    <ClInclude Include="Source Files\Utility\Debug Helper\kDebugger.h">
      <Filter>Header Files</Filter>
    </ClInclude>
    <ClInclude Include="Source Files\Utility\Calendar\kCalendar.h">
      <Filter>Header Files</Filter>
    </ClInclude>
    <ClInclude Include="Source Files\Utility\Clock\kClock.h">
      <Filter>Header Files</Filter>
    </ClInclude>
    <ClInclude Include="Source Files\Utility\Maths\Constants.h">
      <Filter>Header Files</Filter>
    </ClInclude>
    <ClInclude Include="Source Files\Utility\Maths\Vectors\VectorBase.h">
      <Filter>Header Files</Filter>
    </ClInclude>
    <ClInclude Include="Source Files\Utility\Maths\kMaths.h">
      <Filter>Header Files</Filter>
    </ClInclude>
    <ClInclude Include="Source Files\Utility\Maths\Algorithms\kAlgorithms.h">
      <Filter>Header Files</Filter>
    </ClInclude>
    <ClInclude Include="Source Files\Utility\Maths\Vectors\Vector2.h">
      <Filter>Header Files</Filter>
    </ClInclude>
    <ClInclude Include="Source Files\Utility\Maths\Vectors\Vector3.h">
      <Filter>Header Files</Filter>
    </ClInclude>
    <ClInclude Include="Source Files\Utility\Maths\Vectors\Vector4.h">
      <Filter>Header Files</Filter>
    </ClInclude>
    <ClInclude Include="Source Files\Utility\Maths\Matrix\Matrix4x4.h">
      <Filter>Header Files</Filter>
    </ClInclude>
    <ClInclude Include="Source Files\Utility\Debug Helper\kAssert.h">
      <Filter>Header Files</Filter>
    </ClInclude>
    <ClInclude Include="Source Files\Precompile.h">
      <Filter>Header Files</Filter>
    </ClInclude>
    <ClInclude Include="Source Files\Utility\Format To String\kUTFStringConverter.h">
      <Filter>Header Files</Filter>
    </ClInclude>
    <ClInclude Include="Source Files\Utility\Logging\kLogging_Class.h">
      <Filter>Header Files</Filter>
    </ClInclude>
    <ClInclude Include="Source Files\Utility\Logging\kLogging.h">
      <Filter>Header Files</Filter>
    </ClInclude>
    <ClInclude Include="Source Files\Utility\String View\StringView.h">
      <Filter>Header Files</Filter>
    </ClInclude>
    <ClInclude Include="Source Files\Core\Application.h">
      <Filter>Header Files</Filter>
    </ClInclude>
    <ClInclude Include="Source Files\Core\EngineCore.h">
      <Filter>Header Files</Filter>
    </ClInclude>
    <ClInclude Include="Source Files\Core\EntryPoint.h">
      <Filter>Header Files</Filter>
    </ClInclude>
    <ClInclude Include="Source Files\Beta Test\Utility Tests\Calendar_Test.h">
      <Filter>Header Files</Filter>
    </ClInclude>
    <ClInclude Include="Source Files\Beta Test\Utility Tests\Logging_Test.h">
      <Filter>Header Files</Filter>
    </ClInclude>
    <ClInclude Include="Source Files\Beta Test\Utility Tests\StringView_Test.h">
      <Filter>Header Files</Filter>
    </ClInclude>
    <ClInclude Include="Source Files\Beta Test\Maths Tests\Vectors_Test.h">
      <Filter>Header Files</Filter>
    </ClInclude>
    <ClInclude Include="Source Files\Beta Test\Utility Tests\DebugHelp_Test.h">
      <Filter>Header Files</Filter>
    </ClInclude>
    <ClInclude Include="Source Files\Beta Test\Utility Tests\FileSystem_Test.h">
      <Filter>Header Files</Filter>
    </ClInclude>
    <ClInclude Include="Source Files\Beta Test\Utility Tests\Clock_Test.h">
      <Filter>Header Files</Filter>
    </ClInclude>
    <ClInclude Include="Source Files\Patterns\SimpleSingleton.h">
      <Filter>Header Files</Filter>
    </ClInclude>
    <ClInclude Include="Source Files\Beta Test\TesterManager.h">
      <Filter>Header Files</Filter>
    </ClInclude>
    <ClInclude Include="Source Files\Beta Test\Utility Tests\FormatToString_Test.h">
      <Filter>Header Files</Filter>
    </ClInclude>
  </ItemGroup>
  <ItemGroup>
    <None Include="cpp.hint" />
  </ItemGroup>
</Project>