<?xml version="1.0" encoding="utf-8"?>
<Project ToolsVersion="4.0" xmlns="http://schemas.microsoft.com/developer/msbuild/2003">
  <ItemGroup>
    <Filter Include="Source Files">
      <UniqueIdentifier>{4FC737F1-C7A5-4376-A066-2A32D752A2FF}</UniqueIdentifier>
      <Extensions>cpp;c;cc;cxx;def;odl;idl;hpj;bat;asm;asmx</Extensions>
    </Filter>
    <Filter Include="Header Files">
      <UniqueIdentifier>{93995380-89BD-4b04-88EB-625FBE52EBFB}</UniqueIdentifier>
      <Extensions>h;hh;hpp;hxx;hm;inl;inc;ipp;xsd</Extensions>
    </Filter>
    <Filter Include="Resource Files">
      <UniqueIdentifier>{67DA6AB6-F800-4c08-8B7A-83BB121AAD01}</UniqueIdentifier>
      <Extensions>rc;ico;cur;bmp;dlg;rc2;rct;bin;rgs;gif;jpg;jpeg;jpe;resx;tiff;tif;png;wav;mfcribbon-ms</Extensions>
    </Filter>
  </ItemGroup>
  <ItemGroup>
    <ClCompile Include="Source Files\Calendar\kCalendar.cpp">
      <Filter>Source Files</Filter>
    </ClCompile>
    <ClCompile Include="Source Files\Debug Helper\kAssert.cpp">
      <Filter>Source Files</Filter>
    </ClCompile>
    <ClCompile Include="Source Files\Debug Helper\kDebugger.cpp">
      <Filter>Source Files</Filter>
    </ClCompile>
    <ClCompile Include="Source Files\Format\kUTFStringConverter.cpp">
      <Filter>Source Files</Filter>
    </ClCompile>
    <ClCompile Include="Source Files\Logging\kLogging_Class.cpp">
      <Filter>Source Files</Filter>
    </ClCompile>
  </ItemGroup>
  <ItemGroup>
    <ClInclude Include="Source Files\Timer\kTimer.hpp">
      <Filter>Header Files</Filter>
    </ClInclude>
    <ClInclude Include="Source Files\Calendar\kCalendar.hpp">
      <Filter>Header Files</Filter>
    </ClInclude>
    <ClInclude Include="Source Files\Debug Helper\kAssert.hpp">
      <Filter>Header Files</Filter>
    </ClInclude>
    <ClInclude Include="Source Files\Debug Helper\kDebugger.hpp">
      <Filter>Header Files</Filter>
    </ClInclude>
    <ClInclude Include="Source Files\File System\kFileSystem.hpp">
      <Filter>Header Files</Filter>
    </ClInclude>
    <ClInclude Include="Source Files\Format\kFormatToString.hpp">
      <Filter>Header Files</Filter>
    </ClInclude>
    <ClInclude Include="Source Files\Format\kUTFStringConverter.hpp">
      <Filter>Header Files</Filter>
    </ClInclude>
    <ClInclude Include="Source Files\Logging\kLogging.hpp">
      <Filter>Header Files</Filter>
    </ClInclude>
    <ClInclude Include="Source Files\Logging\kLogging_Class.hpp">
      <Filter>Header Files</Filter>
    </ClInclude>
    <ClInclude Include="Source Files\Maths\Matrix\Matrix4x4.hpp">
      <Filter>Header Files</Filter>
    </ClInclude>
    <ClInclude Include="Source Files\Maths\Vectors\Vector2.hpp">
      <Filter>Header Files</Filter>
    </ClInclude>
    <ClInclude Include="Source Files\Maths\Vectors\Vector3.hpp">
      <Filter>Header Files</Filter>
    </ClInclude>
    <ClInclude Include="Source Files\Maths\Vectors\Vector4.hpp">
      <Filter>Header Files</Filter>
    </ClInclude>
    <ClInclude Include="Source Files\Maths\Vectors\VectorBase.hpp">
      <Filter>Header Files</Filter>
    </ClInclude>
    <ClInclude Include="Source Files\Maths\Constants.hpp">
      <Filter>Header Files</Filter>
    </ClInclude>
    <ClInclude Include="Source Files\Maths\kAlgorithms.hpp">
      <Filter>Header Files</Filter>
    </ClInclude>
    <ClInclude Include="Source Files\Maths\kMaths.hpp">
      <Filter>Header Files</Filter>
    </ClInclude>
    <ClInclude Include="Source Files\String View\StringView.hpp">
      <Filter>Header Files</Filter>
    </ClInclude>
    <ClInclude Include="Source Files\HelperMacros.h">
      <Filter>Header Files</Filter>
    </ClInclude>
  </ItemGroup>
</Project>